
Microsoft Visual Studio Solution File, Format Version 12.00
# Visual Studio Version 17
VisualStudioVersion = 17.2.32602.215
MinimumVisualStudioVersion = 10.0.40219.1
Project("{9A19103F-16F7-4668-BE54-9A1E7A4F7556}") = "PacktLibrary", "PacktLibrary\PacktLibrary.csproj", "{8DFB85B7-2524-49D6-A1D9-C7AB3463EA8C}"
EndProject
Project("{9A19103F-16F7-4668-BE54-9A1E7A4F7556}") = "PeopleApp", "PeopleApp\PeopleApp.csproj", "{F9ED8DB2-3F44-4075-8C68-E0EB9CE3B05B}"
EndProject
Project("{9A19103F-16F7-4668-BE54-9A1E7A4F7556}") = "NullHandling", "NullHandling\NullHandling.csproj", "{B391E872-2B64-4408-A088-C816168B461D}"
EndProject
Project("{FAE04EC0-301F-11D3-BF4B-00C04F79EFBC}") = "CodeAnalyzing", "CodeAnalyzing\CodeAnalyzing.csproj", "{8B553296-3877-44A4-9896-F011A8A767D6}"
EndProject
Global
	GlobalSection(SolutionConfigurationPlatforms) = preSolution
		Debug|Any CPU = Debug|Any CPU
		Release|Any CPU = Release|Any CPU
	EndGlobalSection
	GlobalSection(ProjectConfigurationPlatforms) = postSolution
		{8DFB85B7-2524-49D6-A1D9-C7AB3463EA8C}.Debug|Any CPU.ActiveCfg = Debug|Any CPU
		{8DFB85B7-2524-49D6-A1D9-C7AB3463EA8C}.Debug|Any CPU.Build.0 = Debug|Any CPU
		{8DFB85B7-2524-49D6-A1D9-C7AB3463EA8C}.Release|Any CPU.ActiveCfg = Release|Any CPU
		{8DFB85B7-2524-49D6-A1D9-C7AB3463EA8C}.Release|Any CPU.Build.0 = Release|Any CPU
		{F9ED8DB2-3F44-4075-8C68-E0EB9CE3B05B}.Debug|Any CPU.ActiveCfg = Debug|Any CPU
		{F9ED8DB2-3F44-4075-8C68-E0EB9CE3B05B}.Debug|Any CPU.Build.0 = Debug|Any CPU
		{F9ED8DB2-3F44-4075-8C68-E0EB9CE3B05B}.Release|Any CPU.ActiveCfg = Release|Any CPU
		{F9ED8DB2-3F44-4075-8C68-E0EB9CE3B05B}.Release|Any CPU.Build.0 = Release|Any CPU
		{B391E872-2B64-4408-A088-C816168B461D}.Debug|Any CPU.ActiveCfg = Debug|Any CPU
		{B391E872-2B64-4408-A088-C816168B461D}.Debug|Any CPU.Build.0 = Debug|Any CPU
		{B391E872-2B64-4408-A088-C816168B461D}.Release|Any CPU.ActiveCfg = Release|Any CPU
		{B391E872-2B64-4408-A088-C816168B461D}.Release|Any CPU.Build.0 = Release|Any CPU
		{8B553296-3877-44A4-9896-F011A8A767D6}.Debug|Any CPU.ActiveCfg = Debug|Any CPU
		{8B553296-3877-44A4-9896-F011A8A767D6}.Debug|Any CPU.Build.0 = Debug|Any CPU
		{8B553296-3877-44A4-9896-F011A8A767D6}.Release|Any CPU.ActiveCfg = Release|Any CPU
		{8B553296-3877-44A4-9896-F011A8A767D6}.Release|Any CPU.Build.0 = Release|Any CPU
	EndGlobalSection
	GlobalSection(SolutionProperties) = preSolution
		HideSolutionNode = FALSE
	EndGlobalSection
	GlobalSection(ExtensibilityGlobals) = postSolution
		SolutionGuid = {F0B4BD34-DD56-47E3-9924-D466C6F8C612}
	EndGlobalSection
EndGlobal
