
Microsoft Visual Studio Solution File, Format Version 12.00
# Visual Studio Version 17
VisualStudioVersion = 17.4.33213.308
MinimumVisualStudioVersion = 10.0.40219.1
Project("{9A19103F-16F7-4668-BE54-9A1E7A4F7556}") = "WorkingWithFileSystems", "WorkingWithFileSystems\WorkingWithFileSystems.csproj", "{EC10533D-4CBF-44F2-90E3-86B37BE6AB9A}"
EndProject
Project("{9A19103F-16F7-4668-BE54-9A1E7A4F7556}") = "WorkingWithStreams", "WorkingWithStreams\WorkingWithStreams.csproj", "{35003DD5-6221-4ABB-867D-51B6D82B27F6}"
EndProject
Project("{FAE04EC0-301F-11D3-BF4B-00C04F79EFBC}") = "WorkingWithEncodings", "WorkingWithEncodings\WorkingWithEncodings.csproj", "{CD0DD570-F0A2-4579-B74B-30C9D8781520}"
EndProject
Project("{FAE04EC0-301F-11D3-BF4B-00C04F79EFBC}") = "WorkingWithSerialization", "WorkingWithSerialization\WorkingWithSerialization.csproj", "{6687A647-73DA-4994-B447-A258D8C40BB9}"
EndProject
Global
	GlobalSection(SolutionConfigurationPlatforms) = preSolution
		Debug|Any CPU = Debug|Any CPU
		Release|Any CPU = Release|Any CPU
	EndGlobalSection
	GlobalSection(ProjectConfigurationPlatforms) = postSolution
		{EC10533D-4CBF-44F2-90E3-86B37BE6AB9A}.Debug|Any CPU.ActiveCfg = Debug|Any CPU
		{EC10533D-4CBF-44F2-90E3-86B37BE6AB9A}.Debug|Any CPU.Build.0 = Debug|Any CPU
		{EC10533D-4CBF-44F2-90E3-86B37BE6AB9A}.Release|Any CPU.ActiveCfg = Release|Any CPU
		{EC10533D-4CBF-44F2-90E3-86B37BE6AB9A}.Release|Any CPU.Build.0 = Release|Any CPU
		{35003DD5-6221-4ABB-867D-51B6D82B27F6}.Debug|Any CPU.ActiveCfg = Debug|Any CPU
		{35003DD5-6221-4ABB-867D-51B6D82B27F6}.Debug|Any CPU.Build.0 = Debug|Any CPU
		{35003DD5-6221-4ABB-867D-51B6D82B27F6}.Release|Any CPU.ActiveCfg = Release|Any CPU
		{35003DD5-6221-4ABB-867D-51B6D82B27F6}.Release|Any CPU.Build.0 = Release|Any CPU
		{CD0DD570-F0A2-4579-B74B-30C9D8781520}.Debug|Any CPU.ActiveCfg = Debug|Any CPU
		{CD0DD570-F0A2-4579-B74B-30C9D8781520}.Debug|Any CPU.Build.0 = Debug|Any CPU
		{CD0DD570-F0A2-4579-B74B-30C9D8781520}.Release|Any CPU.ActiveCfg = Release|Any CPU
		{CD0DD570-F0A2-4579-B74B-30C9D8781520}.Release|Any CPU.Build.0 = Release|Any CPU
		{6687A647-73DA-4994-B447-A258D8C40BB9}.Debug|Any CPU.ActiveCfg = Debug|Any CPU
		{6687A647-73DA-4994-B447-A258D8C40BB9}.Debug|Any CPU.Build.0 = Debug|Any CPU
		{6687A647-73DA-4994-B447-A258D8C40BB9}.Release|Any CPU.ActiveCfg = Release|Any CPU
		{6687A647-73DA-4994-B447-A258D8C40BB9}.Release|Any CPU.Build.0 = Release|Any CPU
	EndGlobalSection
	GlobalSection(SolutionProperties) = preSolution
		HideSolutionNode = FALSE
	EndGlobalSection
	GlobalSection(ExtensibilityGlobals) = postSolution
		SolutionGuid = {83E0BDD8-CC50-4B0D-A709-42185F55110E}
	EndGlobalSection
EndGlobal
